
Microsoft Visual Studio Solution File, Format Version 10.00
# Visual C++ Express 2008
Project("{8BC9CEB8-8B4A-11D0-8D11-00A0C91BC942}") = "SciLexer", "..\scintilla\vcbuild\SciLexer.7.vcproj", "{55121E73-EAE3-438B-A537-BABBCA29B084}"
EndProject
Project("{8BC9CEB8-8B4A-11D0-8D11-00A0C91BC942}") = "notepadPlus.vc.7", "..\powereditor\visual.net\notepadPlus.vc.7.0.vcproj", "{FCF60E65-1B78-4D1D-AB59-4FC00AC8C248}"
	ProjectSection(ProjectDependencies) = postProject
		{55121E73-EAE3-438B-A537-BABBCA29B084} = {55121E73-EAE3-438B-A537-BABBCA29B084}
	EndProjectSection
EndProject
Project("{8BC9CEB8-8B4A-11D0-8D11-00A0C91BC942}") = "NppPluginIface", "..\NppPluginIface\visual.net\NppPluginIface.vcproj", "{58A28C7F-C6A2-4352-8904-79C043DF3661}"
EndProject
Project("{8BC9CEB8-8B4A-11D0-8D11-00A0C91BC942}") = "NppPlugin_ChangeMarker", "..\NppPlugins\NppPlugin_ChangeMarker\visual.net\NppPlugin_ChangeMarker.vcproj", "{5FBE84EF-A3DC-43AA-98A6-EDFC01DEFE8F}"
EndProject
Project("{8BC9CEB8-8B4A-11D0-8D11-00A0C91BC942}") = "NppPlugin_SciMarkerSymbol", "..\NppPlugins\NppPlugin_SciMarkerSymbol\visual.net\NppPlugin_SciMarkerSymbol.vcproj", "{365F8A9A-F596-481F-B5B8-C36365FF388C}"
EndProject
Project("{8BC9CEB8-8B4A-11D0-8D11-00A0C91BC942}") = "NppPlugin_Template", "..\NppPlugins\NppPlugin_Template\visual.net\NppPlugin_Template.vcproj", "{A6F07905-39EA-4C02-80AA-1448036877D2}"
EndProject
Project("{8BC9CEB8-8B4A-11D0-8D11-00A0C91BC942}") = "NppPlugin_PluginMargin", "..\NppPlugins\NppPlugin_PluginMargin\visual.net\NppPlugin_PluginMargin.vcproj", "{865506C5-8E7E-4B9F-B0A4-CDAA24DA64BF}"
EndProject
Project("{8BC9CEB8-8B4A-11D0-8D11-00A0C91BC942}") = "NppPlugin_ExtLexer", "..\NppPlugins\NppPlugin_ExtLexer\visual.net\NppPlugin_ExtLexer.vcproj", "{C9377A4E-D005-4E29-BF91-7DBDBF1CB9BB}"
EndProject
Global
	GlobalSection(SolutionConfigurationPlatforms) = preSolution
		Debug Unicode|Win32 = Debug Unicode|Win32
		Debug|Win32 = Debug|Win32
		Release Unicode|Win32 = Release Unicode|Win32
		Release|Win32 = Release|Win32
	EndGlobalSection
	GlobalSection(ProjectConfigurationPlatforms) = postSolution
		{55121E73-EAE3-438B-A537-BABBCA29B084}.Debug Unicode|Win32.ActiveCfg = Debug|Win32
		{55121E73-EAE3-438B-A537-BABBCA29B084}.Debug Unicode|Win32.Build.0 = Debug|Win32
		{55121E73-EAE3-438B-A537-BABBCA29B084}.Debug|Win32.ActiveCfg = Debug|Win32
		{55121E73-EAE3-438B-A537-BABBCA29B084}.Debug|Win32.Build.0 = Debug|Win32
		{55121E73-EAE3-438B-A537-BABBCA29B084}.Release Unicode|Win32.ActiveCfg = Release|Win32
		{55121E73-EAE3-438B-A537-BABBCA29B084}.Release Unicode|Win32.Build.0 = Release|Win32
		{55121E73-EAE3-438B-A537-BABBCA29B084}.Release|Win32.ActiveCfg = Release|Win32
		{55121E73-EAE3-438B-A537-BABBCA29B084}.Release|Win32.Build.0 = Release|Win32
		{FCF60E65-1B78-4D1D-AB59-4FC00AC8C248}.Debug Unicode|Win32.ActiveCfg = Debug_Unicode|Win32
		{FCF60E65-1B78-4D1D-AB59-4FC00AC8C248}.Debug Unicode|Win32.Build.0 = Debug_Unicode|Win32
		{FCF60E65-1B78-4D1D-AB59-4FC00AC8C248}.Debug|Win32.ActiveCfg = Debug|Win32
		{FCF60E65-1B78-4D1D-AB59-4FC00AC8C248}.Debug|Win32.Build.0 = Debug|Win32
		{FCF60E65-1B78-4D1D-AB59-4FC00AC8C248}.Release Unicode|Win32.ActiveCfg = Release_Unicode|Win32
		{FCF60E65-1B78-4D1D-AB59-4FC00AC8C248}.Release Unicode|Win32.Build.0 = Release_Unicode|Win32
		{FCF60E65-1B78-4D1D-AB59-4FC00AC8C248}.Release|Win32.ActiveCfg = Release|Win32
		{FCF60E65-1B78-4D1D-AB59-4FC00AC8C248}.Release|Win32.Build.0 = Release|Win32
		{58A28C7F-C6A2-4352-8904-79C043DF3661}.Debug Unicode|Win32.ActiveCfg = Debug_Unicode|Win32
		{58A28C7F-C6A2-4352-8904-79C043DF3661}.Debug Unicode|Win32.Build.0 = Debug_Unicode|Win32
		{58A28C7F-C6A2-4352-8904-79C043DF3661}.Debug|Win32.ActiveCfg = Debug|Win32
		{58A28C7F-C6A2-4352-8904-79C043DF3661}.Debug|Win32.Build.0 = Debug|Win32
		{58A28C7F-C6A2-4352-8904-79C043DF3661}.Release Unicode|Win32.ActiveCfg = Release_Unicode|Win32
		{58A28C7F-C6A2-4352-8904-79C043DF3661}.Release Unicode|Win32.Build.0 = Release_Unicode|Win32
		{58A28C7F-C6A2-4352-8904-79C043DF3661}.Release|Win32.ActiveCfg = Release|Win32
		{58A28C7F-C6A2-4352-8904-79C043DF3661}.Release|Win32.Build.0 = Release|Win32
		{5FBE84EF-A3DC-43AA-98A6-EDFC01DEFE8F}.Debug Unicode|Win32.ActiveCfg = Debug_Unicode|Win32
		{5FBE84EF-A3DC-43AA-98A6-EDFC01DEFE8F}.Debug Unicode|Win32.Build.0 = Debug_Unicode|Win32
		{5FBE84EF-A3DC-43AA-98A6-EDFC01DEFE8F}.Debug|Win32.ActiveCfg = Debug|Win32
		{5FBE84EF-A3DC-43AA-98A6-EDFC01DEFE8F}.Debug|Win32.Build.0 = Debug|Win32
		{5FBE84EF-A3DC-43AA-98A6-EDFC01DEFE8F}.Release Unicode|Win32.ActiveCfg = Release_Unicode|Win32
		{5FBE84EF-A3DC-43AA-98A6-EDFC01DEFE8F}.Release Unicode|Win32.Build.0 = Release_Unicode|Win32
		{5FBE84EF-A3DC-43AA-98A6-EDFC01DEFE8F}.Release|Win32.ActiveCfg = Release|Win32
		{5FBE84EF-A3DC-43AA-98A6-EDFC01DEFE8F}.Release|Win32.Build.0 = Release|Win32
		{365F8A9A-F596-481F-B5B8-C36365FF388C}.Debug Unicode|Win32.ActiveCfg = Debug_Unicode|Win32
		{365F8A9A-F596-481F-B5B8-C36365FF388C}.Debug Unicode|Win32.Build.0 = Debug_Unicode|Win32
		{365F8A9A-F596-481F-B5B8-C36365FF388C}.Debug|Win32.ActiveCfg = Debug|Win32
		{365F8A9A-F596-481F-B5B8-C36365FF388C}.Debug|Win32.Build.0 = Debug|Win32
		{365F8A9A-F596-481F-B5B8-C36365FF388C}.Release Unicode|Win32.ActiveCfg = Release_Unicode|Win32
		{365F8A9A-F596-481F-B5B8-C36365FF388C}.Release Unicode|Win32.Build.0 = Release_Unicode|Win32
		{365F8A9A-F596-481F-B5B8-C36365FF388C}.Release|Win32.ActiveCfg = Release|Win32
		{365F8A9A-F596-481F-B5B8-C36365FF388C}.Release|Win32.Build.0 = Release|Win32
		{A6F07905-39EA-4C02-80AA-1448036877D2}.Debug Unicode|Win32.ActiveCfg = Debug_Unicode|Win32
		{A6F07905-39EA-4C02-80AA-1448036877D2}.Debug Unicode|Win32.Build.0 = Debug_Unicode|Win32
		{A6F07905-39EA-4C02-80AA-1448036877D2}.Debug|Win32.ActiveCfg = Debug|Win32
		{A6F07905-39EA-4C02-80AA-1448036877D2}.Debug|Win32.Build.0 = Debug|Win32
		{A6F07905-39EA-4C02-80AA-1448036877D2}.Release Unicode|Win32.ActiveCfg = Release_Unicode|Win32
		{A6F07905-39EA-4C02-80AA-1448036877D2}.Release Unicode|Win32.Build.0 = Release_Unicode|Win32
		{A6F07905-39EA-4C02-80AA-1448036877D2}.Release|Win32.ActiveCfg = Release|Win32
		{A6F07905-39EA-4C02-80AA-1448036877D2}.Release|Win32.Build.0 = Release|Win32
		{865506C5-8E7E-4B9F-B0A4-CDAA24DA64BF}.Debug Unicode|Win32.ActiveCfg = Debug_Unicode|Win32
		{865506C5-8E7E-4B9F-B0A4-CDAA24DA64BF}.Debug Unicode|Win32.Build.0 = Debug_Unicode|Win32
		{865506C5-8E7E-4B9F-B0A4-CDAA24DA64BF}.Debug|Win32.ActiveCfg = Debug|Win32
		{865506C5-8E7E-4B9F-B0A4-CDAA24DA64BF}.Debug|Win32.Build.0 = Debug|Win32
		{865506C5-8E7E-4B9F-B0A4-CDAA24DA64BF}.Release Unicode|Win32.ActiveCfg = Release_Unicode|Win32
		{865506C5-8E7E-4B9F-B0A4-CDAA24DA64BF}.Release Unicode|Win32.Build.0 = Release_Unicode|Win32
		{865506C5-8E7E-4B9F-B0A4-CDAA24DA64BF}.Release|Win32.ActiveCfg = Release|Win32
		{865506C5-8E7E-4B9F-B0A4-CDAA24DA64BF}.Release|Win32.Build.0 = Release|Win32
		{C9377A4E-D005-4E29-BF91-7DBDBF1CB9BB}.Debug Unicode|Win32.ActiveCfg = Debug_Unicode|Win32
		{C9377A4E-D005-4E29-BF91-7DBDBF1CB9BB}.Debug Unicode|Win32.Build.0 = Debug_Unicode|Win32
		{C9377A4E-D005-4E29-BF91-7DBDBF1CB9BB}.Debug|Win32.ActiveCfg = Debug|Win32
		{C9377A4E-D005-4E29-BF91-7DBDBF1CB9BB}.Debug|Win32.Build.0 = Debug|Win32
		{C9377A4E-D005-4E29-BF91-7DBDBF1CB9BB}.Release Unicode|Win32.ActiveCfg = Release_Unicode|Win32
		{C9377A4E-D005-4E29-BF91-7DBDBF1CB9BB}.Release Unicode|Win32.Build.0 = Release_Unicode|Win32
		{C9377A4E-D005-4E29-BF91-7DBDBF1CB9BB}.Release|Win32.ActiveCfg = Release|Win32
		{C9377A4E-D005-4E29-BF91-7DBDBF1CB9BB}.Release|Win32.Build.0 = Release|Win32
	EndGlobalSection
	GlobalSection(SolutionProperties) = preSolution
		HideSolutionNode = FALSE
	EndGlobalSection
EndGlobal
